// !$*UTF8*$!
{
	archiveVersion = 1;
	classes = {
	};
	objectVersion = 77;
	objects = {

/* Begin PBXContainerItemProxy section */
		548EF4822D37EE7B00735066 /* PBXContainerItemProxy */ = {
			isa = PBXContainerItemProxy;
			containerPortal = 548EF4692D37EE7A00735066 /* Project object */;
			proxyType = 1;
			remoteGlobalIDString = 548EF4702D37EE7A00735066;
			remoteInfo = MenuPal;
		};
		548EF48C2D37EE7B00735066 /* PBXContainerItemProxy */ = {
			isa = PBXContainerItemProxy;
			containerPortal = 548EF4692D37EE7A00735066 /* Project object */;
			proxyType = 1;
			remoteGlobalIDString = 548EF4702D37EE7A00735066;
			remoteInfo = MenuPal;
		};
/* End PBXContainerItemProxy section */

/* Begin PBXFileReference section */
		548EF4712D37EE7A00735066 /* MenuPal.app */ = {isa = PBXFileReference; explicitFileType = wrapper.application; includeInIndex = 0; path = MenuPal.app; sourceTree = BUILT_PRODUCTS_DIR; };
		548EF4812D37EE7B00735066 /* MenuPalTests.xctest */ = {isa = PBXFileReference; explicitFileType = wrapper.cfbundle; includeInIndex = 0; path = MenuPalTests.xctest; sourceTree = BUILT_PRODUCTS_DIR; };
		548EF48B2D37EE7B00735066 /* MenuPalUITests.xctest */ = {isa = PBXFileReference; explicitFileType = wrapper.cfbundle; includeInIndex = 0; path = MenuPalUITests.xctest; sourceTree = BUILT_PRODUCTS_DIR; };
/* End PBXFileReference section */

/* Begin PBXFileSystemSynchronizedBuildFileExceptionSet section */
		54639B582D37F5CE000C4B18 /* Exceptions for "MenuPal" folder in "MenuPal" target */ = {
			isa = PBXFileSystemSynchronizedBuildFileExceptionSet;
			membershipExceptions = (
				Info.plist,
			);
			target = 548EF4702D37EE7A00735066 /* MenuPal */;
		};
/* End PBXFileSystemSynchronizedBuildFileExceptionSet section */

/* Begin PBXFileSystemSynchronizedRootGroup section */
		548EF4732D37EE7A00735066 /* MenuPal */ = {
			isa = PBXFileSystemSynchronizedRootGroup;
			exceptions = (
				54639B582D37F5CE000C4B18 /* Exceptions for "MenuPal" folder in "MenuPal" target */,
			);
			path = MenuPal;
			sourceTree = "<group>";
		};
		548EF4842D37EE7B00735066 /* MenuPalTests */ = {
			isa = PBXFileSystemSynchronizedRootGroup;
			path = MenuPalTests;
			sourceTree = "<group>";
		};
		548EF48E2D37EE7B00735066 /* MenuPalUITests */ = {
			isa = PBXFileSystemSynchronizedRootGroup;
			path = MenuPalUITests;
			sourceTree = "<group>";
		};
/* End PBXFileSystemSynchronizedRootGroup section */

/* Begin PBXFrameworksBuildPhase section */
		548EF46E2D37EE7A00735066 /* Frameworks */ = {
			isa = PBXFrameworksBuildPhase;
			buildActionMask = 2147483647;
			files = (
			);
			runOnlyForDeploymentPostprocessing = 0;
		};
		548EF47E2D37EE7B00735066 /* Frameworks */ = {
			isa = PBXFrameworksBuildPhase;
			buildActionMask = 2147483647;
			files = (
			);
			runOnlyForDeploymentPostprocessing = 0;
		};
		548EF4882D37EE7B00735066 /* Frameworks */ = {
			isa = PBXFrameworksBuildPhase;
			buildActionMask = 2147483647;
			files = (
			);
			runOnlyForDeploymentPostprocessing = 0;
		};
/* End PBXFrameworksBuildPhase section */

/* Begin PBXGroup section */
		548EF4682D37EE7A00735066 = {
			isa = PBXGroup;
			children = (
				548EF4732D37EE7A00735066 /* MenuPal */,
				548EF4842D37EE7B00735066 /* MenuPalTests */,
				548EF48E2D37EE7B00735066 /* MenuPalUITests */,
				548EF4722D37EE7A00735066 /* Products */,
			);
			sourceTree = "<group>";
		};
		548EF4722D37EE7A00735066 /* Products */ = {
			isa = PBXGroup;
			children = (
				548EF4712D37EE7A00735066 /* MenuPal.app */,
				548EF4812D37EE7B00735066 /* MenuPalTests.xctest */,
				548EF48B2D37EE7B00735066 /* MenuPalUITests.xctest */,
			);
			name = Products;
			sourceTree = "<group>";
		};
/* End PBXGroup section */

/* Begin PBXNativeTarget section */
		548EF4702D37EE7A00735066 /* MenuPal */ = {
			isa = PBXNativeTarget;
			buildConfigurationList = 548EF4952D37EE7B00735066 /* Build configuration list for PBXNativeTarget "MenuPal" */;
			buildPhases = (
				548EF46D2D37EE7A00735066 /* Sources */,
				548EF46E2D37EE7A00735066 /* Frameworks */,
				548EF46F2D37EE7A00735066 /* Resources */,
			);
			buildRules = (
			);
			dependencies = (
			);
			fileSystemSynchronizedGroups = (
				548EF4732D37EE7A00735066 /* MenuPal */,
			);
			name = MenuPal;
			packageProductDependencies = (
			);
			productName = MenuPal;
			productReference = 548EF4712D37EE7A00735066 /* MenuPal.app */;
			productType = "com.apple.product-type.application";
		};
		548EF4802D37EE7B00735066 /* MenuPalTests */ = {
			isa = PBXNativeTarget;
			buildConfigurationList = 548EF4982D37EE7B00735066 /* Build configuration list for PBXNativeTarget "MenuPalTests" */;
			buildPhases = (
				548EF47D2D37EE7B00735066 /* Sources */,
				548EF47E2D37EE7B00735066 /* Frameworks */,
				548EF47F2D37EE7B00735066 /* Resources */,
			);
			buildRules = (
			);
			dependencies = (
				548EF4832D37EE7B00735066 /* PBXTargetDependency */,
			);
			fileSystemSynchronizedGroups = (
				548EF4842D37EE7B00735066 /* MenuPalTests */,
			);
			name = MenuPalTests;
			packageProductDependencies = (
			);
			productName = MenuPalTests;
			productReference = 548EF4812D37EE7B00735066 /* MenuPalTests.xctest */;
			productType = "com.apple.product-type.bundle.unit-test";
		};
		548EF48A2D37EE7B00735066 /* MenuPalUITests */ = {
			isa = PBXNativeTarget;
			buildConfigurationList = 548EF49B2D37EE7B00735066 /* Build configuration list for PBXNativeTarget "MenuPalUITests" */;
			buildPhases = (
				548EF4872D37EE7B00735066 /* Sources */,
				548EF4882D37EE7B00735066 /* Frameworks */,
				548EF4892D37EE7B00735066 /* Resources */,
			);
			buildRules = (
			);
			dependencies = (
				548EF48D2D37EE7B00735066 /* PBXTargetDependency */,
			);
			fileSystemSynchronizedGroups = (
				548EF48E2D37EE7B00735066 /* MenuPalUITests */,
			);
			name = MenuPalUITests;
			packageProductDependencies = (
			);
			productName = MenuPalUITests;
			productReference = 548EF48B2D37EE7B00735066 /* MenuPalUITests.xctest */;
			productType = "com.apple.product-type.bundle.ui-testing";
		};
/* End PBXNativeTarget section */

/* Begin PBXProject section */
		548EF4692D37EE7A00735066 /* Project object */ = {
			isa = PBXProject;
			attributes = {
				BuildIndependentTargetsInParallel = 1;
				LastSwiftUpdateCheck = 1620;
				LastUpgradeCheck = 1620;
				TargetAttributes = {
					548EF4702D37EE7A00735066 = {
						CreatedOnToolsVersion = 16.2;
					};
					548EF4802D37EE7B00735066 = {
						CreatedOnToolsVersion = 16.2;
						TestTargetID = 548EF4702D37EE7A00735066;
					};
					548EF48A2D37EE7B00735066 = {
						CreatedOnToolsVersion = 16.2;
						TestTargetID = 548EF4702D37EE7A00735066;
					};
				};
			};
			buildConfigurationList = 548EF46C2D37EE7A00735066 /* Build configuration list for PBXProject "MenuPal" */;
			developmentRegion = en;
			hasScannedForEncodings = 0;
			knownRegions = (
				en,
				Base,
			);
			mainGroup = 548EF4682D37EE7A00735066;
			minimizedProjectReferenceProxies = 1;
			preferredProjectObjectVersion = 77;
			productRefGroup = 548EF4722D37EE7A00735066 /* Products */;
			projectDirPath = "";
			projectRoot = "";
			targets = (
				548EF4702D37EE7A00735066 /* MenuPal */,
				548EF4802D37EE7B00735066 /* MenuPalTests */,
				548EF48A2D37EE7B00735066 /* MenuPalUITests */,
			);
		};
/* End PBXProject section */

/* Begin PBXResourcesBuildPhase section */
		548EF46F2D37EE7A00735066 /* Resources */ = {
			isa = PBXResourcesBuildPhase;
			buildActionMask = 2147483647;
			files = (
			);
			runOnlyForDeploymentPostprocessing = 0;
		};
		548EF47F2D37EE7B00735066 /* Resources */ = {
			isa = PBXResourcesBuildPhase;
			buildActionMask = 2147483647;
			files = (
			);
			runOnlyForDeploymentPostprocessing = 0;
		};
		548EF4892D37EE7B00735066 /* Resources */ = {
			isa = PBXResourcesBuildPhase;
			buildActionMask = 2147483647;
			files = (
			);
			runOnlyForDeploymentPostprocessing = 0;
		};
/* End PBXResourcesBuildPhase section */

/* Begin PBXSourcesBuildPhase section */
		548EF46D2D37EE7A00735066 /* Sources */ = {
			isa = PBXSourcesBuildPhase;
			buildActionMask = 2147483647;
			files = (
			);
			runOnlyForDeploymentPostprocessing = 0;
		};
		548EF47D2D37EE7B00735066 /* Sources */ = {
			isa = PBXSourcesBuildPhase;
			buildActionMask = 2147483647;
			files = (
			);
			runOnlyForDeploymentPostprocessing = 0;
		};
		548EF4872D37EE7B00735066 /* Sources */ = {
			isa = PBXSourcesBuildPhase;
			buildActionMask = 2147483647;
			files = (
			);
			runOnlyForDeploymentPostprocessing = 0;
		};
/* End PBXSourcesBuildPhase section */

/* Begin PBXTargetDependency section */
		548EF4832D37EE7B00735066 /* PBXTargetDependency */ = {
			isa = PBXTargetDependency;
			target = 548EF4702D37EE7A00735066 /* MenuPal */;
			targetProxy = 548EF4822D37EE7B00735066 /* PBXContainerItemProxy */;
		};
		548EF48D2D37EE7B00735066 /* PBXTargetDependency */ = {
			isa = PBXTargetDependency;
			target = 548EF4702D37EE7A00735066 /* MenuPal */;
			targetProxy = 548EF48C2D37EE7B00735066 /* PBXContainerItemProxy */;
		};
/* End PBXTargetDependency section */

/* Begin XCBuildConfiguration section */
		548EF4932D37EE7B00735066 /* Debug */ = {
			isa = XCBuildConfiguration;
			buildSettings = {
				ALWAYS_SEARCH_USER_PATHS = NO;
				ASSETCATALOG_COMPILER_GENERATE_SWIFT_ASSET_SYMBOL_EXTENSIONS = YES;
				CLANG_ANALYZER_NONNULL = YES;
				CLANG_ANALYZER_NUMBER_OBJECT_CONVERSION = YES_AGGRESSIVE;
				CLANG_CXX_LANGUAGE_STANDARD = "gnu++20";
				CLANG_ENABLE_MODULES = YES;
				CLANG_ENABLE_OBJC_ARC = YES;
				CLANG_ENABLE_OBJC_WEAK = YES;
				CLANG_WARN_BLOCK_CAPTURE_AUTORELEASING = YES;
				CLANG_WARN_BOOL_CONVERSION = YES;
				CLANG_WARN_COMMA = YES;
				CLANG_WARN_CONSTANT_CONVERSION = YES;
				CLANG_WARN_DEPRECATED_OBJC_IMPLEMENTATIONS = YES;
				CLANG_WARN_DIRECT_OBJC_ISA_USAGE = YES_ERROR;
				CLANG_WARN_DOCUMENTATION_COMMENTS = YES;
				CLANG_WARN_EMPTY_BODY = YES;
				CLANG_WARN_ENUM_CONVERSION = YES;
				CLANG_WARN_INFINITE_RECURSION = YES;
				CLANG_WARN_INT_CONVERSION = YES;
				CLANG_WARN_NON_LITERAL_NULL_CONVERSION = YES;
				CLANG_WARN_OBJC_IMPLICIT_RETAIN_SELF = YES;
				CLANG_WARN_OBJC_LITERAL_CONVERSION = YES;
				CLANG_WARN_OBJC_ROOT_CLASS = YES_ERROR;
				CLANG_WARN_QUOTED_INCLUDE_IN_FRAMEWORK_HEADER = YES;
				CLANG_WARN_RANGE_LOOP_ANALYSIS = YES;
				CLANG_WARN_STRICT_PROTOTYPES = YES;
				CLANG_WARN_SUSPICIOUS_MOVE = YES;
				CLANG_WARN_UNGUARDED_AVAILABILITY = YES_AGGRESSIVE;
				CLANG_WARN_UNREACHABLE_CODE = YES;
				CLANG_WARN__DUPLICATE_METHOD_MATCH = YES;
				COPY_PHASE_STRIP = NO;
				DEBUG_INFORMATION_FORMAT = dwarf;
				ENABLE_STRICT_OBJC_MSGSEND = YES;
				ENABLE_TESTABILITY = YES;
				ENABLE_USER_SCRIPT_SANDBOXING = YES;
				GCC_C_LANGUAGE_STANDARD = gnu17;
				GCC_DYNAMIC_NO_PIC = NO;
				GCC_NO_COMMON_BLOCKS = YES;
				GCC_OPTIMIZATION_LEVEL = 0;
				GCC_PREPROCESSOR_DEFINITIONS = (
					"DEBUG=1",
					"$(inherited)",
				);
				GCC_WARN_64_TO_32_BIT_CONVERSION = YES;
				GCC_WARN_ABOUT_RETURN_TYPE = YES_ERROR;
				GCC_WARN_UNDECLARED_SELECTOR = YES;
				GCC_WARN_UNINITIALIZED_AUTOS = YES_AGGRESSIVE;
				GCC_WARN_UNUSED_FUNCTION = YES;
				GCC_WARN_UNUSED_VARIABLE = YES;
				IPHONEOS_DEPLOYMENT_TARGET = 18.2;
				LOCALIZATION_PREFERS_STRING_CATALOGS = YES;
				MTL_ENABLE_DEBUG_INFO = INCLUDE_SOURCE;
				MTL_FAST_MATH = YES;
				ONLY_ACTIVE_ARCH = YES;
				SDKROOT = iphoneos;
				SWIFT_ACTIVE_COMPILATION_CONDITIONS = "DEBUG $(inherited)";
				SWIFT_OPTIMIZATION_LEVEL = "-Onone";
			};
			name = Debug;
		};
		548EF4942D37EE7B00735066 /* Release */ = {
			isa = XCBuildConfiguration;
			buildSettings = {
				ALWAYS_SEARCH_USER_PATHS = NO;
				ASSETCATALOG_COMPILER_GENERATE_SWIFT_ASSET_SYMBOL_EXTENSIONS = YES;
				CLANG_ANALYZER_NONNULL = YES;
				CLANG_ANALYZER_NUMBER_OBJECT_CONVERSION = YES_AGGRESSIVE;
				CLANG_CXX_LANGUAGE_STANDARD = "gnu++20";
				CLANG_ENABLE_MODULES = YES;
				CLANG_ENABLE_OBJC_ARC = YES;
				CLANG_ENABLE_OBJC_WEAK = YES;
				CLANG_WARN_BLOCK_CAPTURE_AUTORELEASING = YES;
				CLANG_WARN_BOOL_CONVERSION = YES;
				CLANG_WARN_COMMA = YES;
				CLANG_WARN_CONSTANT_CONVERSION = YES;
				CLANG_WARN_DEPRECATED_OBJC_IMPLEMENTATIONS = YES;
				CLANG_WARN_DIRECT_OBJC_ISA_USAGE = YES_ERROR;
				CLANG_WARN_DOCUMENTATION_COMMENTS = YES;
				CLANG_WARN_EMPTY_BODY = YES;
				CLANG_WARN_ENUM_CONVERSION = YES;
				CLANG_WARN_INFINITE_RECURSION = YES;
				CLANG_WARN_INT_CONVERSION = YES;
				CLANG_WARN_NON_LITERAL_NULL_CONVERSION = YES;
				CLANG_WARN_OBJC_IMPLICIT_RETAIN_SELF = YES;
				CLANG_WARN_OBJC_LITERAL_CONVERSION = YES;
				CLANG_WARN_OBJC_ROOT_CLASS = YES_ERROR;
				CLANG_WARN_QUOTED_INCLUDE_IN_FRAMEWORK_HEADER = YES;
				CLANG_WARN_RANGE_LOOP_ANALYSIS = YES;
				CLANG_WARN_STRICT_PROTOTYPES = YES;
				CLANG_WARN_SUSPICIOUS_MOVE = YES;
				CLANG_WARN_UNGUARDED_AVAILABILITY = YES_AGGRESSIVE;
				CLANG_WARN_UNREACHABLE_CODE = YES;
				CLANG_WARN__DUPLICATE_METHOD_MATCH = YES;
				COPY_PHASE_STRIP = NO;
				DEBUG_INFORMATION_FORMAT = "dwarf-with-dsym";
				ENABLE_NS_ASSERTIONS = NO;
				ENABLE_STRICT_OBJC_MSGSEND = YES;
				ENABLE_USER_SCRIPT_SANDBOXING = YES;
				GCC_C_LANGUAGE_STANDARD = gnu17;
				GCC_NO_COMMON_BLOCKS = YES;
				GCC_WARN_64_TO_32_BIT_CONVERSION = YES;
				GCC_WARN_ABOUT_RETURN_TYPE = YES_ERROR;
				GCC_WARN_UNDECLARED_SELECTOR = YES;
				GCC_WARN_UNINITIALIZED_AUTOS = YES_AGGRESSIVE;
				GCC_WARN_UNUSED_FUNCTION = YES;
				GCC_WARN_UNUSED_VARIABLE = YES;
				IPHONEOS_DEPLOYMENT_TARGET = 18.2;
				LOCALIZATION_PREFERS_STRING_CATALOGS = YES;
				MTL_ENABLE_DEBUG_INFO = NO;
				MTL_FAST_MATH = YES;
				SDKROOT = iphoneos;
				SWIFT_COMPILATION_MODE = wholemodule;
				VALIDATE_PRODUCT = YES;
			};
			name = Release;
		};
		548EF4962D37EE7B00735066 /* Debug */ = {
			isa = XCBuildConfiguration;
			buildSettings = {
				ASSETCATALOG_COMPILER_APPICON_NAME = AppIcon;
				ASSETCATALOG_COMPILER_GLOBAL_ACCENT_COLOR_NAME = AccentColor;
				CODE_SIGN_STYLE = Automatic;
				CURRENT_PROJECT_VERSION = 1;
				DEVELOPMENT_ASSET_PATHS = "\"MenuPal/Preview Content\"";
				ENABLE_PREVIEWS = YES;
				GENERATE_INFOPLIST_FILE = YES;
				INFOPLIST_FILE = MenuPal/Info.plist;
				INFOPLIST_KEY_NSCameraUsageDescription = "我们需要访问相机来拍摄照片";
				INFOPLIST_KEY_NSPhotoLibraryUsageDescription = "我们需要访问相册来选择照片";
				INFOPLIST_KEY_UIApplicationSceneManifest_Generation = YES;
				INFOPLIST_KEY_UIApplicationSupportsIndirectInputEvents = YES;
				INFOPLIST_KEY_UILaunchScreen_Generation = YES;
				INFOPLIST_KEY_UISupportedInterfaceOrientations_iPad = "UIInterfaceOrientationPortrait UIInterfaceOrientationPortraitUpsideDown UIInterfaceOrientationLandscapeLeft UIInterfaceOrientationLandscapeRight";
				INFOPLIST_KEY_UISupportedInterfaceOrientations_iPhone = "UIInterfaceOrientationPortrait UIInterfaceOrientationLandscapeLeft UIInterfaceOrientationLandscapeRight";
				LD_RUNPATH_SEARCH_PATHS = (
					"$(inherited)",
					"@executable_path/Frameworks",
				);
				MARKETING_VERSION = 1.0;
				PRODUCT_BUNDLE_IDENTIFIER = U.M.U.L.MenuPal;
				PRODUCT_NAME = "$(TARGET_NAME)";
				SWIFT_EMIT_LOC_STRINGS = YES;
				SWIFT_VERSION = 5.0;
				TARGETED_DEVICE_FAMILY = "1,2";
			};
			name = Debug;
		};
		548EF4972D37EE7B00735066 /* Release */ = {
			isa = XCBuildConfiguration;
			buildSettings = {
				ASSETCATALOG_COMPILER_APPICON_NAME = AppIcon;
				ASSETCATALOG_COMPILER_GLOBAL_ACCENT_COLOR_NAME = AccentColor;
				CODE_SIGN_STYLE = Automatic;
				CURRENT_PROJECT_VERSION = 1;
				DEVELOPMENT_ASSET_PATHS = "\"MenuPal/Preview Content\"";
				ENABLE_PREVIEWS = YES;
				GENERATE_INFOPLIST_FILE = YES;
				INFOPLIST_FILE = MenuPal/Info.plist;
				INFOPLIST_KEY_NSCameraUsageDescription = "我们需要访问相机来拍摄照片";
				INFOPLIST_KEY_NSPhotoLibraryUsageDescription = "我们需要访问相册来选择照片";
				INFOPLIST_KEY_UIApplicationSceneManifest_Generation = YES;
				INFOPLIST_KEY_UIApplicationSupportsIndirectInputEvents = YES;
				INFOPLIST_KEY_UILaunchScreen_Generation = YES;
				INFOPLIST_KEY_UISupportedInterfaceOrientations_iPad = "UIInterfaceOrientationPortrait UIInterfaceOrientationPortraitUpsideDown UIInterfaceOrientationLandscapeLeft UIInterfaceOrientationLandscapeRight";
				INFOPLIST_KEY_UISupportedInterfaceOrientations_iPhone = "UIInterfaceOrientationPortrait UIInterfaceOrientationLandscapeLeft UIInterfaceOrientationLandscapeRight";
				LD_RUNPATH_SEARCH_PATHS = (
					"$(inherited)",
					"@executable_path/Frameworks",
				);
				MARKETING_VERSION = 1.0;
				PRODUCT_BUNDLE_IDENTIFIER = U.M.U.L.MenuPal;
				PRODUCT_NAME = "$(TARGET_NAME)";
				SWIFT_EMIT_LOC_STRINGS = YES;
				SWIFT_VERSION = 5.0;
				TARGETED_DEVICE_FAMILY = "1,2";
			};
			name = Release;
		};
		548EF4992D37EE7B00735066 /* Debug */ = {
			isa = XCBuildConfiguration;
			buildSettings = {
				BUNDLE_LOADER = "$(TEST_HOST)";
				CODE_SIGN_STYLE = Automatic;
				CURRENT_PROJECT_VERSION = 1;
				GENERATE_INFOPLIST_FILE = YES;
				IPHONEOS_DEPLOYMENT_TARGET = 18.2;
				MARKETING_VERSION = 1.0;
				PRODUCT_BUNDLE_IDENTIFIER = U.M.U.L.MenuPalTests;
				PRODUCT_NAME = "$(TARGET_NAME)";
				SWIFT_EMIT_LOC_STRINGS = NO;
				SWIFT_VERSION = 5.0;
				TARGETED_DEVICE_FAMILY = "1,2";
				TEST_HOST = "$(BUILT_PRODUCTS_DIR)/MenuPal.app/$(BUNDLE_EXECUTABLE_FOLDER_PATH)/MenuPal";
			};
			name = Debug;
		};
		548EF49A2D37EE7B00735066 /* Release */ = {
			isa = XCBuildConfiguration;
			buildSettings = {
				BUNDLE_LOADER = "$(TEST_HOST)";
				CODE_SIGN_STYLE = Automatic;
				CURRENT_PROJECT_VERSION = 1;
				GENERATE_INFOPLIST_FILE = YES;
				IPHONEOS_DEPLOYMENT_TARGET = 18.2;
				MARKETING_VERSION = 1.0;
				PRODUCT_BUNDLE_IDENTIFIER = U.M.U.L.MenuPalTests;
				PRODUCT_NAME = "$(TARGET_NAME)";
				SWIFT_EMIT_LOC_STRINGS = NO;
				SWIFT_VERSION = 5.0;
				TARGETED_DEVICE_FAMILY = "1,2";
				TEST_HOST = "$(BUILT_PRODUCTS_DIR)/MenuPal.app/$(BUNDLE_EXECUTABLE_FOLDER_PATH)/MenuPal";
			};
			name = Release;
		};
		548EF49C2D37EE7B00735066 /* Debug */ = {
			isa = XCBuildConfiguration;
			buildSettings = {
				CODE_SIGN_STYLE = Automatic;
				CURRENT_PROJECT_VERSION = 1;
				GENERATE_INFOPLIST_FILE = YES;
				MARKETING_VERSION = 1.0;
				PRODUCT_BUNDLE_IDENTIFIER = U.M.U.L.MenuPalUITests;
				PRODUCT_NAME = "$(TARGET_NAME)";
				SWIFT_EMIT_LOC_STRINGS = NO;
				SWIFT_VERSION = 5.0;
				TARGETED_DEVICE_FAMILY = "1,2";
				TEST_TARGET_NAME = MenuPal;
			};
			name = Debug;
		};
		548EF49D2D37EE7B00735066 /* Release */ = {
			isa = XCBuildConfiguration;
			buildSettings = {
				CODE_SIGN_STYLE = Automatic;
				CURRENT_PROJECT_VERSION = 1;
				GENERATE_INFOPLIST_FILE = YES;
				MARKETING_VERSION = 1.0;
				PRODUCT_BUNDLE_IDENTIFIER = U.M.U.L.MenuPalUITests;
				PRODUCT_NAME = "$(TARGET_NAME)";
				SWIFT_EMIT_LOC_STRINGS = NO;
				SWIFT_VERSION = 5.0;
				TARGETED_DEVICE_FAMILY = "1,2";
				TEST_TARGET_NAME = MenuPal;
			};
			name = Release;
		};
/* End XCBuildConfiguration section */

/* Begin XCConfigurationList section */
		548EF46C2D37EE7A00735066 /* Build configuration list for PBXProject "MenuPal" */ = {
			isa = XCConfigurationList;
			buildConfigurations = (
				548EF4932D37EE7B00735066 /* Debug */,
				548EF4942D37EE7B00735066 /* Release */,
			);
			defaultConfigurationIsVisible = 0;
			defaultConfigurationName = Release;
		};
		548EF4952D37EE7B00735066 /* Build configuration list for PBXNativeTarget "MenuPal" */ = {
			isa = XCConfigurationList;
			buildConfigurations = (
				548EF4962D37EE7B00735066 /* Debug */,
				548EF4972D37EE7B00735066 /* Release */,
			);
			defaultConfigurationIsVisible = 0;
			defaultConfigurationName = Release;
		};
		548EF4982D37EE7B00735066 /* Build configuration list for PBXNativeTarget "MenuPalTests" */ = {
			isa = XCConfigurationList;
			buildConfigurations = (
				548EF4992D37EE7B00735066 /* Debug */,
				548EF49A2D37EE7B00735066 /* Release */,
			);
			defaultConfigurationIsVisible = 0;
			defaultConfigurationName = Release;
		};
		548EF49B2D37EE7B00735066 /* Build configuration list for PBXNativeTarget "MenuPalUITests" */ = {
			isa = XCConfigurationList;
			buildConfigurations = (
				548EF49C2D37EE7B00735066 /* Debug */,
				548EF49D2D37EE7B00735066 /* Release */,
			);
			defaultConfigurationIsVisible = 0;
			defaultConfigurationName = Release;
		};
/* End XCConfigurationList section */
	};
	rootObject = 548EF4692D37EE7A00735066 /* Project object */;
}
